// !$*UTF8*$!
{
	archiveVersion = 1;
	classes = {
	};
	objectVersion = 50;
	objects = {

/* Begin PBXBuildFile section */
		630C9710240ACA8A005D37E7 /* EmployeeListCell.swift in Sources */ = {isa = PBXBuildFile; fileRef = 630C970F240ACA8A005D37E7 /* EmployeeListCell.swift */; };
		630C9711240ACA8A005D37E7 /* EmployeeListCell.swift in Sources */ = {isa = PBXBuildFile; fileRef = 630C970F240ACA8A005D37E7 /* EmployeeListCell.swift */; };
		630C9712240ACA8A005D37E7 /* EmployeeListCell.swift in Sources */ = {isa = PBXBuildFile; fileRef = 630C970F240ACA8A005D37E7 /* EmployeeListCell.swift */; };
		6391A69D240AB45800BDE741 /* AppDelegate.swift in Sources */ = {isa = PBXBuildFile; fileRef = 6391A69C240AB45800BDE741 /* AppDelegate.swift */; };
		6391A69F240AB45800BDE741 /* SceneDelegate.swift in Sources */ = {isa = PBXBuildFile; fileRef = 6391A69E240AB45800BDE741 /* SceneDelegate.swift */; };
		6391A6A4240AB45800BDE741 /* Main.storyboard in Resources */ = {isa = PBXBuildFile; fileRef = 6391A6A2240AB45800BDE741 /* Main.storyboard */; };
		6391A6A7240AB45800BDE741 /* Jet2.xcdatamodeld in Sources */ = {isa = PBXBuildFile; fileRef = 6391A6A5240AB45800BDE741 /* Jet2.xcdatamodeld */; };
		6391A6A9240AB45B00BDE741 /* Assets.xcassets in Resources */ = {isa = PBXBuildFile; fileRef = 6391A6A8240AB45B00BDE741 /* Assets.xcassets */; };
		6391A6AC240AB45B00BDE741 /* LaunchScreen.storyboard in Resources */ = {isa = PBXBuildFile; fileRef = 6391A6AA240AB45B00BDE741 /* LaunchScreen.storyboard */; };
		6391A6B7240AB45B00BDE741 /* Jet2Tests.swift in Sources */ = {isa = PBXBuildFile; fileRef = 6391A6B6240AB45B00BDE741 /* Jet2Tests.swift */; };
		6391A6C2240AB45B00BDE741 /* Jet2UITests.swift in Sources */ = {isa = PBXBuildFile; fileRef = 6391A6C1240AB45B00BDE741 /* Jet2UITests.swift */; };
		6391A6D6240ABE6A00BDE741 /* EmployeeListVC.swift in Sources */ = {isa = PBXBuildFile; fileRef = 6391A6D5240ABE6A00BDE741 /* EmployeeListVC.swift */; };
		6391A6D7240ABE6A00BDE741 /* EmployeeListVC.swift in Sources */ = {isa = PBXBuildFile; fileRef = 6391A6D5240ABE6A00BDE741 /* EmployeeListVC.swift */; };
		6391A6D8240ABE6A00BDE741 /* EmployeeListVC.swift in Sources */ = {isa = PBXBuildFile; fileRef = 6391A6D5240ABE6A00BDE741 /* EmployeeListVC.swift */; };
		6391A6DA240ABE7C00BDE741 /* EmployeeDetailVC.swift in Sources */ = {isa = PBXBuildFile; fileRef = 6391A6D9240ABE7C00BDE741 /* EmployeeDetailVC.swift */; };
		6391A6DB240ABE7C00BDE741 /* EmployeeDetailVC.swift in Sources */ = {isa = PBXBuildFile; fileRef = 6391A6D9240ABE7C00BDE741 /* EmployeeDetailVC.swift */; };
		6391A6DC240ABE7C00BDE741 /* EmployeeDetailVC.swift in Sources */ = {isa = PBXBuildFile; fileRef = 6391A6D9240ABE7C00BDE741 /* EmployeeDetailVC.swift */; };
		6391A6DE240AC05400BDE741 /* Employee.swift in Sources */ = {isa = PBXBuildFile; fileRef = 6391A6DD240AC05400BDE741 /* Employee.swift */; };
		6391A6DF240AC05400BDE741 /* Employee.swift in Sources */ = {isa = PBXBuildFile; fileRef = 6391A6DD240AC05400BDE741 /* Employee.swift */; };
		6391A6E0240AC05400BDE741 /* Employee.swift in Sources */ = {isa = PBXBuildFile; fileRef = 6391A6DD240AC05400BDE741 /* Employee.swift */; };
		6391A6E2240AC0EA00BDE741 /* NetworkManager.swift in Sources */ = {isa = PBXBuildFile; fileRef = 6391A6E1240AC0EA00BDE741 /* NetworkManager.swift */; };
		6391A6E3240AC0EA00BDE741 /* NetworkManager.swift in Sources */ = {isa = PBXBuildFile; fileRef = 6391A6E1240AC0EA00BDE741 /* NetworkManager.swift */; };
		6391A6E4240AC0EA00BDE741 /* NetworkManager.swift in Sources */ = {isa = PBXBuildFile; fileRef = 6391A6E1240AC0EA00BDE741 /* NetworkManager.swift */; };
		6391A6E6240AC0FC00BDE741 /* APIConstants.swift in Sources */ = {isa = PBXBuildFile; fileRef = 6391A6E5240AC0FC00BDE741 /* APIConstants.swift */; };
		6391A6E7240AC0FC00BDE741 /* APIConstants.swift in Sources */ = {isa = PBXBuildFile; fileRef = 6391A6E5240AC0FC00BDE741 /* APIConstants.swift */; };
		6391A6E8240AC0FC00BDE741 /* APIConstants.swift in Sources */ = {isa = PBXBuildFile; fileRef = 6391A6E5240AC0FC00BDE741 /* APIConstants.swift */; };
		6391A6EA240AC15F00BDE741 /* CoreDataManager.swift in Sources */ = {isa = PBXBuildFile; fileRef = 6391A6E9240AC15F00BDE741 /* CoreDataManager.swift */; };
		6391A6EB240AC15F00BDE741 /* CoreDataManager.swift in Sources */ = {isa = PBXBuildFile; fileRef = 6391A6E9240AC15F00BDE741 /* CoreDataManager.swift */; };
		6391A6EC240AC15F00BDE741 /* CoreDataManager.swift in Sources */ = {isa = PBXBuildFile; fileRef = 6391A6E9240AC15F00BDE741 /* CoreDataManager.swift */; };
		6391A6EE240AC26500BDE741 /* Utility.swift in Sources */ = {isa = PBXBuildFile; fileRef = 6391A6ED240AC26500BDE741 /* Utility.swift */; };
		6391A6EF240AC26500BDE741 /* Utility.swift in Sources */ = {isa = PBXBuildFile; fileRef = 6391A6ED240AC26500BDE741 /* Utility.swift */; };
		6391A6F0240AC26500BDE741 /* Utility.swift in Sources */ = {isa = PBXBuildFile; fileRef = 6391A6ED240AC26500BDE741 /* Utility.swift */; };
		6391A6F2240AC27900BDE741 /* AppConstants.swift in Sources */ = {isa = PBXBuildFile; fileRef = 6391A6F1240AC27900BDE741 /* AppConstants.swift */; };
		6391A6F3240AC27900BDE741 /* AppConstants.swift in Sources */ = {isa = PBXBuildFile; fileRef = 6391A6F1240AC27900BDE741 /* AppConstants.swift */; };
		6391A6F4240AC27900BDE741 /* AppConstants.swift in Sources */ = {isa = PBXBuildFile; fileRef = 6391A6F1240AC27900BDE741 /* AppConstants.swift */; };
/* End PBXBuildFile section */

/* Begin PBXContainerItemProxy section */
		6391A6B3240AB45B00BDE741 /* PBXContainerItemProxy */ = {
			isa = PBXContainerItemProxy;
			containerPortal = 6391A691240AB45800BDE741 /* Project object */;
			proxyType = 1;
			remoteGlobalIDString = 6391A698240AB45800BDE741;
			remoteInfo = Jet2;
		};
		6391A6BE240AB45B00BDE741 /* PBXContainerItemProxy */ = {
			isa = PBXContainerItemProxy;
			containerPortal = 6391A691240AB45800BDE741 /* Project object */;
			proxyType = 1;
			remoteGlobalIDString = 6391A698240AB45800BDE741;
			remoteInfo = Jet2;
		};
/* End PBXContainerItemProxy section */

/* Begin PBXFileReference section */
		630C970F240ACA8A005D37E7 /* EmployeeListCell.swift */ = {isa = PBXFileReference; lastKnownFileType = sourcecode.swift; path = EmployeeListCell.swift; sourceTree = "<group>"; };
		6391A699240AB45800BDE741 /* Jet2.app */ = {isa = PBXFileReference; explicitFileType = wrapper.application; includeInIndex = 0; path = Jet2.app; sourceTree = BUILT_PRODUCTS_DIR; };
		6391A69C240AB45800BDE741 /* AppDelegate.swift */ = {isa = PBXFileReference; lastKnownFileType = sourcecode.swift; path = AppDelegate.swift; sourceTree = "<group>"; };
		6391A69E240AB45800BDE741 /* SceneDelegate.swift */ = {isa = PBXFileReference; lastKnownFileType = sourcecode.swift; path = SceneDelegate.swift; sourceTree = "<group>"; };
		6391A6A3240AB45800BDE741 /* Base */ = {isa = PBXFileReference; lastKnownFileType = file.storyboard; name = Base; path = Base.lproj/Main.storyboard; sourceTree = "<group>"; };
		6391A6A6240AB45800BDE741 /* Jet2.xcdatamodel */ = {isa = PBXFileReference; lastKnownFileType = wrapper.xcdatamodel; path = Jet2.xcdatamodel; sourceTree = "<group>"; };
		6391A6A8240AB45B00BDE741 /* Assets.xcassets */ = {isa = PBXFileReference; lastKnownFileType = folder.assetcatalog; path = Assets.xcassets; sourceTree = "<group>"; };
		6391A6AB240AB45B00BDE741 /* Base */ = {isa = PBXFileReference; lastKnownFileType = file.storyboard; name = Base; path = Base.lproj/LaunchScreen.storyboard; sourceTree = "<group>"; };
		6391A6AD240AB45B00BDE741 /* Info.plist */ = {isa = PBXFileReference; lastKnownFileType = text.plist.xml; path = Info.plist; sourceTree = "<group>"; };
		6391A6B2240AB45B00BDE741 /* Jet2Tests.xctest */ = {isa = PBXFileReference; explicitFileType = wrapper.cfbundle; includeInIndex = 0; path = Jet2Tests.xctest; sourceTree = BUILT_PRODUCTS_DIR; };
		6391A6B6240AB45B00BDE741 /* Jet2Tests.swift */ = {isa = PBXFileReference; lastKnownFileType = sourcecode.swift; path = Jet2Tests.swift; sourceTree = "<group>"; };
		6391A6B8240AB45B00BDE741 /* Info.plist */ = {isa = PBXFileReference; lastKnownFileType = text.plist.xml; path = Info.plist; sourceTree = "<group>"; };
		6391A6BD240AB45B00BDE741 /* Jet2UITests.xctest */ = {isa = PBXFileReference; explicitFileType = wrapper.cfbundle; includeInIndex = 0; path = Jet2UITests.xctest; sourceTree = BUILT_PRODUCTS_DIR; };
		6391A6C1240AB45B00BDE741 /* Jet2UITests.swift */ = {isa = PBXFileReference; lastKnownFileType = sourcecode.swift; path = Jet2UITests.swift; sourceTree = "<group>"; };
		6391A6C3240AB45B00BDE741 /* Info.plist */ = {isa = PBXFileReference; lastKnownFileType = text.plist.xml; path = Info.plist; sourceTree = "<group>"; };
		6391A6D5240ABE6A00BDE741 /* EmployeeListVC.swift */ = {isa = PBXFileReference; lastKnownFileType = sourcecode.swift; path = EmployeeListVC.swift; sourceTree = "<group>"; };
		6391A6D9240ABE7C00BDE741 /* EmployeeDetailVC.swift */ = {isa = PBXFileReference; lastKnownFileType = sourcecode.swift; path = EmployeeDetailVC.swift; sourceTree = "<group>"; };
		6391A6DD240AC05400BDE741 /* Employee.swift */ = {isa = PBXFileReference; lastKnownFileType = sourcecode.swift; path = Employee.swift; sourceTree = "<group>"; };
		6391A6E1240AC0EA00BDE741 /* NetworkManager.swift */ = {isa = PBXFileReference; lastKnownFileType = sourcecode.swift; path = NetworkManager.swift; sourceTree = "<group>"; };
		6391A6E5240AC0FC00BDE741 /* APIConstants.swift */ = {isa = PBXFileReference; lastKnownFileType = sourcecode.swift; path = APIConstants.swift; sourceTree = "<group>"; };
		6391A6E9240AC15F00BDE741 /* CoreDataManager.swift */ = {isa = PBXFileReference; lastKnownFileType = sourcecode.swift; path = CoreDataManager.swift; sourceTree = "<group>"; };
		6391A6ED240AC26500BDE741 /* Utility.swift */ = {isa = PBXFileReference; lastKnownFileType = sourcecode.swift; path = Utility.swift; sourceTree = "<group>"; };
		6391A6F1240AC27900BDE741 /* AppConstants.swift */ = {isa = PBXFileReference; lastKnownFileType = sourcecode.swift; path = AppConstants.swift; sourceTree = "<group>"; };
/* End PBXFileReference section */

/* Begin PBXFrameworksBuildPhase section */
		6391A696240AB45800BDE741 /* Frameworks */ = {
			isa = PBXFrameworksBuildPhase;
			buildActionMask = 2147483647;
			files = (
			);
			runOnlyForDeploymentPostprocessing = 0;
		};
		6391A6AF240AB45B00BDE741 /* Frameworks */ = {
			isa = PBXFrameworksBuildPhase;
			buildActionMask = 2147483647;
			files = (
			);
			runOnlyForDeploymentPostprocessing = 0;
		};
		6391A6BA240AB45B00BDE741 /* Frameworks */ = {
			isa = PBXFrameworksBuildPhase;
			buildActionMask = 2147483647;
			files = (
			);
			runOnlyForDeploymentPostprocessing = 0;
		};
/* End PBXFrameworksBuildPhase section */

/* Begin PBXGroup section */
		630C970E240AC8E3005D37E7 /* CustomCell */ = {
			isa = PBXGroup;
			children = (
				630C970F240ACA8A005D37E7 /* EmployeeListCell.swift */,
			);
			path = CustomCell;
			sourceTree = "<group>";
		};
		6391A690240AB45800BDE741 = {
			isa = PBXGroup;
			children = (
				6391A69B240AB45800BDE741 /* Jet2 */,
				6391A6B5240AB45B00BDE741 /* Jet2Tests */,
				6391A6C0240AB45B00BDE741 /* Jet2UITests */,
				6391A69A240AB45800BDE741 /* Products */,
			);
			sourceTree = "<group>";
		};
		6391A69A240AB45800BDE741 /* Products */ = {
			isa = PBXGroup;
			children = (
				6391A699240AB45800BDE741 /* Jet2.app */,
				6391A6B2240AB45B00BDE741 /* Jet2Tests.xctest */,
				6391A6BD240AB45B00BDE741 /* Jet2UITests.xctest */,
			);
			name = Products;
			sourceTree = "<group>";
		};
		6391A69B240AB45800BDE741 /* Jet2 */ = {
			isa = PBXGroup;
			children = (
				6391A6D4240AB57700BDE741 /* Helpers */,
				6391A6D3240AB51F00BDE741 /* Network */,
				6391A6D2240AB50B00BDE741 /* CoreData */,
				6391A6D1240AB4FF00BDE741 /* Model */,
				6391A6D0240AB4E900BDE741 /* ViewModel */,
				6391A6CF240AB4DA00BDE741 /* View */,
				6391A69C240AB45800BDE741 /* AppDelegate.swift */,
				6391A69E240AB45800BDE741 /* SceneDelegate.swift */,
				6391A6A8240AB45B00BDE741 /* Assets.xcassets */,
				6391A6AA240AB45B00BDE741 /* LaunchScreen.storyboard */,
				6391A6AD240AB45B00BDE741 /* Info.plist */,
				6391A6A5240AB45800BDE741 /* Jet2.xcdatamodeld */,
			);
			path = Jet2;
			sourceTree = "<group>";
		};
		6391A6B5240AB45B00BDE741 /* Jet2Tests */ = {
			isa = PBXGroup;
			children = (
				6391A6B6240AB45B00BDE741 /* Jet2Tests.swift */,
				6391A6B8240AB45B00BDE741 /* Info.plist */,
			);
			path = Jet2Tests;
			sourceTree = "<group>";
		};
		6391A6C0240AB45B00BDE741 /* Jet2UITests */ = {
			isa = PBXGroup;
			children = (
				6391A6C1240AB45B00BDE741 /* Jet2UITests.swift */,
				6391A6C3240AB45B00BDE741 /* Info.plist */,
			);
			path = Jet2UITests;
			sourceTree = "<group>";
		};
		6391A6CF240AB4DA00BDE741 /* View */ = {
			isa = PBXGroup;
			children = (
				630C970E240AC8E3005D37E7 /* CustomCell */,
				6391A6F6240AC39500BDE741 /* UserInterface */,
				6391A6D5240ABE6A00BDE741 /* EmployeeListVC.swift */,
				6391A6D9240ABE7C00BDE741 /* EmployeeDetailVC.swift */,
			);
			path = View;
			sourceTree = "<group>";
		};
		6391A6D0240AB4E900BDE741 /* ViewModel */ = {
			isa = PBXGroup;
			children = (
			);
			path = ViewModel;
			sourceTree = "<group>";
		};
		6391A6D1240AB4FF00BDE741 /* Model */ = {
			isa = PBXGroup;
			children = (
				6391A6DD240AC05400BDE741 /* Employee.swift */,
			);
			path = Model;
			sourceTree = "<group>";
		};
		6391A6D2240AB50B00BDE741 /* CoreData */ = {
			isa = PBXGroup;
			children = (
				6391A6E9240AC15F00BDE741 /* CoreDataManager.swift */,
			);
			path = CoreData;
			sourceTree = "<group>";
		};
		6391A6D3240AB51F00BDE741 /* Network */ = {
			isa = PBXGroup;
			children = (
				6391A6E1240AC0EA00BDE741 /* NetworkManager.swift */,
				6391A6E5240AC0FC00BDE741 /* APIConstants.swift */,
			);
			path = Network;
			sourceTree = "<group>";
		};
		6391A6D4240AB57700BDE741 /* Helpers */ = {
			isa = PBXGroup;
			children = (
				6391A6ED240AC26500BDE741 /* Utility.swift */,
				6391A6F1240AC27900BDE741 /* AppConstants.swift */,
			);
			path = Helpers;
			sourceTree = "<group>";
		};
		6391A6F6240AC39500BDE741 /* UserInterface */ = {
			isa = PBXGroup;
			children = (
				6391A6A2240AB45800BDE741 /* Main.storyboard */,
			);
			path = UserInterface;
			sourceTree = "<group>";
		};
/* End PBXGroup section */

/* Begin PBXNativeTarget section */
		6391A698240AB45800BDE741 /* Jet2 */ = {
			isa = PBXNativeTarget;
			buildConfigurationList = 6391A6C6240AB45B00BDE741 /* Build configuration list for PBXNativeTarget "Jet2" */;
			buildPhases = (
				6391A695240AB45800BDE741 /* Sources */,
				6391A696240AB45800BDE741 /* Frameworks */,
				6391A697240AB45800BDE741 /* Resources */,
			);
			buildRules = (
			);
			dependencies = (
			);
			name = Jet2;
			productName = Jet2;
			productReference = 6391A699240AB45800BDE741 /* Jet2.app */;
			productType = "com.apple.product-type.application";
		};
		6391A6B1240AB45B00BDE741 /* Jet2Tests */ = {
			isa = PBXNativeTarget;
			buildConfigurationList = 6391A6C9240AB45B00BDE741 /* Build configuration list for PBXNativeTarget "Jet2Tests" */;
			buildPhases = (
				6391A6AE240AB45B00BDE741 /* Sources */,
				6391A6AF240AB45B00BDE741 /* Frameworks */,
				6391A6B0240AB45B00BDE741 /* Resources */,
			);
			buildRules = (
			);
			dependencies = (
				6391A6B4240AB45B00BDE741 /* PBXTargetDependency */,
			);
			name = Jet2Tests;
			productName = Jet2Tests;
			productReference = 6391A6B2240AB45B00BDE741 /* Jet2Tests.xctest */;
			productType = "com.apple.product-type.bundle.unit-test";
		};
		6391A6BC240AB45B00BDE741 /* Jet2UITests */ = {
			isa = PBXNativeTarget;
			buildConfigurationList = 6391A6CC240AB45B00BDE741 /* Build configuration list for PBXNativeTarget "Jet2UITests" */;
			buildPhases = (
				6391A6B9240AB45B00BDE741 /* Sources */,
				6391A6BA240AB45B00BDE741 /* Frameworks */,
				6391A6BB240AB45B00BDE741 /* Resources */,
			);
			buildRules = (
			);
			dependencies = (
				6391A6BF240AB45B00BDE741 /* PBXTargetDependency */,
			);
			name = Jet2UITests;
			productName = Jet2UITests;
			productReference = 6391A6BD240AB45B00BDE741 /* Jet2UITests.xctest */;
			productType = "com.apple.product-type.bundle.ui-testing";
		};
/* End PBXNativeTarget section */

/* Begin PBXProject section */
		6391A691240AB45800BDE741 /* Project object */ = {
			isa = PBXProject;
			attributes = {
				LastSwiftUpdateCheck = 1100;
				LastUpgradeCheck = 1100;
				ORGANIZATIONNAME = niks;
				TargetAttributes = {
					6391A698240AB45800BDE741 = {
						CreatedOnToolsVersion = 11.0;
					};
					6391A6B1240AB45B00BDE741 = {
						CreatedOnToolsVersion = 11.0;
						TestTargetID = 6391A698240AB45800BDE741;
					};
					6391A6BC240AB45B00BDE741 = {
						CreatedOnToolsVersion = 11.0;
						TestTargetID = 6391A698240AB45800BDE741;
					};
				};
			};
			buildConfigurationList = 6391A694240AB45800BDE741 /* Build configuration list for PBXProject "Jet2" */;
			compatibilityVersion = "Xcode 9.3";
			developmentRegion = en;
			hasScannedForEncodings = 0;
			knownRegions = (
				en,
				Base,
			);
			mainGroup = 6391A690240AB45800BDE741;
			productRefGroup = 6391A69A240AB45800BDE741 /* Products */;
			projectDirPath = "";
			projectRoot = "";
			targets = (
				6391A698240AB45800BDE741 /* Jet2 */,
				6391A6B1240AB45B00BDE741 /* Jet2Tests */,
				6391A6BC240AB45B00BDE741 /* Jet2UITests */,
			);
		};
/* End PBXProject section */

/* Begin PBXResourcesBuildPhase section */
		6391A697240AB45800BDE741 /* Resources */ = {
			isa = PBXResourcesBuildPhase;
			buildActionMask = 2147483647;
			files = (
				6391A6AC240AB45B00BDE741 /* LaunchScreen.storyboard in Resources */,
				6391A6A9240AB45B00BDE741 /* Assets.xcassets in Resources */,
				6391A6A4240AB45800BDE741 /* Main.storyboard in Resources */,
			);
			runOnlyForDeploymentPostprocessing = 0;
		};
		6391A6B0240AB45B00BDE741 /* Resources */ = {
			isa = PBXResourcesBuildPhase;
			buildActionMask = 2147483647;
			files = (
			);
			runOnlyForDeploymentPostprocessing = 0;
		};
		6391A6BB240AB45B00BDE741 /* Resources */ = {
			isa = PBXResourcesBuildPhase;
			buildActionMask = 2147483647;
			files = (
			);
			runOnlyForDeploymentPostprocessing = 0;
		};
/* End PBXResourcesBuildPhase section */

/* Begin PBXSourcesBuildPhase section */
		6391A695240AB45800BDE741 /* Sources */ = {
			isa = PBXSourcesBuildPhase;
			buildActionMask = 2147483647;
			files = (
				6391A69D240AB45800BDE741 /* AppDelegate.swift in Sources */,
				6391A6D6240ABE6A00BDE741 /* EmployeeListVC.swift in Sources */,
				630C9710240ACA8A005D37E7 /* EmployeeListCell.swift in Sources */,
				6391A6EE240AC26500BDE741 /* Utility.swift in Sources */,
				6391A6DE240AC05400BDE741 /* Employee.swift in Sources */,
				6391A6E2240AC0EA00BDE741 /* NetworkManager.swift in Sources */,
				6391A6E6240AC0FC00BDE741 /* APIConstants.swift in Sources */,
				6391A6F2240AC27900BDE741 /* AppConstants.swift in Sources */,
				6391A6DA240ABE7C00BDE741 /* EmployeeDetailVC.swift in Sources */,
				6391A6A7240AB45800BDE741 /* Jet2.xcdatamodeld in Sources */,
				6391A6EA240AC15F00BDE741 /* CoreDataManager.swift in Sources */,
				6391A69F240AB45800BDE741 /* SceneDelegate.swift in Sources */,
			);
			runOnlyForDeploymentPostprocessing = 0;
		};
		6391A6AE240AB45B00BDE741 /* Sources */ = {
			isa = PBXSourcesBuildPhase;
			buildActionMask = 2147483647;
			files = (
				6391A6DB240ABE7C00BDE741 /* EmployeeDetailVC.swift in Sources */,
				6391A6F3240AC27900BDE741 /* AppConstants.swift in Sources */,
				6391A6DF240AC05400BDE741 /* Employee.swift in Sources */,
				6391A6E7240AC0FC00BDE741 /* APIConstants.swift in Sources */,
				6391A6E3240AC0EA00BDE741 /* NetworkManager.swift in Sources */,
				630C9711240ACA8A005D37E7 /* EmployeeListCell.swift in Sources */,
				6391A6EF240AC26500BDE741 /* Utility.swift in Sources */,
				6391A6D7240ABE6A00BDE741 /* EmployeeListVC.swift in Sources */,
				6391A6EB240AC15F00BDE741 /* CoreDataManager.swift in Sources */,
				6391A6B7240AB45B00BDE741 /* Jet2Tests.swift in Sources */,
			);
			runOnlyForDeploymentPostprocessing = 0;
		};
		6391A6B9240AB45B00BDE741 /* Sources */ = {
			isa = PBXSourcesBuildPhase;
			buildActionMask = 2147483647;
			files = (
				6391A6DC240ABE7C00BDE741 /* EmployeeDetailVC.swift in Sources */,
				6391A6F4240AC27900BDE741 /* AppConstants.swift in Sources */,
				6391A6E0240AC05400BDE741 /* Employee.swift in Sources */,
				6391A6E8240AC0FC00BDE741 /* APIConstants.swift in Sources */,
				6391A6E4240AC0EA00BDE741 /* NetworkManager.swift in Sources */,
				630C9712240ACA8A005D37E7 /* EmployeeListCell.swift in Sources */,
				6391A6F0240AC26500BDE741 /* Utility.swift in Sources */,
				6391A6D8240ABE6A00BDE741 /* EmployeeListVC.swift in Sources */,
				6391A6EC240AC15F00BDE741 /* CoreDataManager.swift in Sources */,
				6391A6C2240AB45B00BDE741 /* Jet2UITests.swift in Sources */,
			);
			runOnlyForDeploymentPostprocessing = 0;
		};
/* End PBXSourcesBuildPhase section */

/* Begin PBXTargetDependency section */
		6391A6B4240AB45B00BDE741 /* PBXTargetDependency */ = {
			isa = PBXTargetDependency;
			target = 6391A698240AB45800BDE741 /* Jet2 */;
			targetProxy = 6391A6B3240AB45B00BDE741 /* PBXContainerItemProxy */;
		};
		6391A6BF240AB45B00BDE741 /* PBXTargetDependency */ = {
			isa = PBXTargetDependency;
			target = 6391A698240AB45800BDE741 /* Jet2 */;
			targetProxy = 6391A6BE240AB45B00BDE741 /* PBXContainerItemProxy */;
		};
/* End PBXTargetDependency section */

/* Begin PBXVariantGroup section */
		6391A6A2240AB45800BDE741 /* Main.storyboard */ = {
			isa = PBXVariantGroup;
			children = (
				6391A6A3240AB45800BDE741 /* Base */,
			);
			name = Main.storyboard;
			sourceTree = "<group>";
		};
		6391A6AA240AB45B00BDE741 /* LaunchScreen.storyboard */ = {
			isa = PBXVariantGroup;
			children = (
				6391A6AB240AB45B00BDE741 /* Base */,
			);
			name = LaunchScreen.storyboard;
			sourceTree = "<group>";
		};
/* End PBXVariantGroup section */

/* Begin XCBuildConfiguration section */
		6391A6C4240AB45B00BDE741 /* Debug */ = {
			isa = XCBuildConfiguration;
			buildSettings = {
				ALWAYS_SEARCH_USER_PATHS = NO;
				CLANG_ANALYZER_NONNULL = YES;
				CLANG_ANALYZER_NUMBER_OBJECT_CONVERSION = YES_AGGRESSIVE;
				CLANG_CXX_LANGUAGE_STANDARD = "gnu++14";
				CLANG_CXX_LIBRARY = "libc++";
				CLANG_ENABLE_MODULES = YES;
				CLANG_ENABLE_OBJC_ARC = YES;
				CLANG_ENABLE_OBJC_WEAK = YES;
				CLANG_WARN_BLOCK_CAPTURE_AUTORELEASING = YES;
				CLANG_WARN_BOOL_CONVERSION = YES;
				CLANG_WARN_COMMA = YES;
				CLANG_WARN_CONSTANT_CONVERSION = YES;
				CLANG_WARN_DEPRECATED_OBJC_IMPLEMENTATIONS = YES;
				CLANG_WARN_DIRECT_OBJC_ISA_USAGE = YES_ERROR;
				CLANG_WARN_DOCUMENTATION_COMMENTS = YES;
				CLANG_WARN_EMPTY_BODY = YES;
				CLANG_WARN_ENUM_CONVERSION = YES;
				CLANG_WARN_INFINITE_RECURSION = YES;
				CLANG_WARN_INT_CONVERSION = YES;
				CLANG_WARN_NON_LITERAL_NULL_CONVERSION = YES;
				CLANG_WARN_OBJC_IMPLICIT_RETAIN_SELF = YES;
				CLANG_WARN_OBJC_LITERAL_CONVERSION = YES;
				CLANG_WARN_OBJC_ROOT_CLASS = YES_ERROR;
				CLANG_WARN_RANGE_LOOP_ANALYSIS = YES;
				CLANG_WARN_STRICT_PROTOTYPES = YES;
				CLANG_WARN_SUSPICIOUS_MOVE = YES;
				CLANG_WARN_UNGUARDED_AVAILABILITY = YES_AGGRESSIVE;
				CLANG_WARN_UNREACHABLE_CODE = YES;
				CLANG_WARN__DUPLICATE_METHOD_MATCH = YES;
				COPY_PHASE_STRIP = NO;
				DEBUG_INFORMATION_FORMAT = dwarf;
				ENABLE_STRICT_OBJC_MSGSEND = YES;
				ENABLE_TESTABILITY = YES;
				GCC_C_LANGUAGE_STANDARD = gnu11;
				GCC_DYNAMIC_NO_PIC = NO;
				GCC_NO_COMMON_BLOCKS = YES;
				GCC_OPTIMIZATION_LEVEL = 0;
				GCC_PREPROCESSOR_DEFINITIONS = (
					"DEBUG=1",
					"$(inherited)",
				);
				GCC_WARN_64_TO_32_BIT_CONVERSION = YES;
				GCC_WARN_ABOUT_RETURN_TYPE = YES_ERROR;
				GCC_WARN_UNDECLARED_SELECTOR = YES;
				GCC_WARN_UNINITIALIZED_AUTOS = YES_AGGRESSIVE;
				GCC_WARN_UNUSED_FUNCTION = YES;
				GCC_WARN_UNUSED_VARIABLE = YES;
				IPHONEOS_DEPLOYMENT_TARGET = 13.0;
				MTL_ENABLE_DEBUG_INFO = INCLUDE_SOURCE;
				MTL_FAST_MATH = YES;
				ONLY_ACTIVE_ARCH = YES;
				SDKROOT = iphoneos;
				SWIFT_ACTIVE_COMPILATION_CONDITIONS = DEBUG;
				SWIFT_OPTIMIZATION_LEVEL = "-Onone";
			};
			name = Debug;
		};
		6391A6C5240AB45B00BDE741 /* Release */ = {
			isa = XCBuildConfiguration;
			buildSettings = {
				ALWAYS_SEARCH_USER_PATHS = NO;
				CLANG_ANALYZER_NONNULL = YES;
				CLANG_ANALYZER_NUMBER_OBJECT_CONVERSION = YES_AGGRESSIVE;
				CLANG_CXX_LANGUAGE_STANDARD = "gnu++14";
				CLANG_CXX_LIBRARY = "libc++";
				CLANG_ENABLE_MODULES = YES;
				CLANG_ENABLE_OBJC_ARC = YES;
				CLANG_ENABLE_OBJC_WEAK = YES;
				CLANG_WARN_BLOCK_CAPTURE_AUTORELEASING = YES;
				CLANG_WARN_BOOL_CONVERSION = YES;
				CLANG_WARN_COMMA = YES;
				CLANG_WARN_CONSTANT_CONVERSION = YES;
				CLANG_WARN_DEPRECATED_OBJC_IMPLEMENTATIONS = YES;
				CLANG_WARN_DIRECT_OBJC_ISA_USAGE = YES_ERROR;
				CLANG_WARN_DOCUMENTATION_COMMENTS = YES;
				CLANG_WARN_EMPTY_BODY = YES;
				CLANG_WARN_ENUM_CONVERSION = YES;
				CLANG_WARN_INFINITE_RECURSION = YES;
				CLANG_WARN_INT_CONVERSION = YES;
				CLANG_WARN_NON_LITERAL_NULL_CONVERSION = YES;
				CLANG_WARN_OBJC_IMPLICIT_RETAIN_SELF = YES;
				CLANG_WARN_OBJC_LITERAL_CONVERSION = YES;
				CLANG_WARN_OBJC_ROOT_CLASS = YES_ERROR;
				CLANG_WARN_RANGE_LOOP_ANALYSIS = YES;
				CLANG_WARN_STRICT_PROTOTYPES = YES;
				CLANG_WARN_SUSPICIOUS_MOVE = YES;
				CLANG_WARN_UNGUARDED_AVAILABILITY = YES_AGGRESSIVE;
				CLANG_WARN_UNREACHABLE_CODE = YES;
				CLANG_WARN__DUPLICATE_METHOD_MATCH = YES;
				COPY_PHASE_STRIP = NO;
				DEBUG_INFORMATION_FORMAT = "dwarf-with-dsym";
				ENABLE_NS_ASSERTIONS = NO;
				ENABLE_STRICT_OBJC_MSGSEND = YES;
				GCC_C_LANGUAGE_STANDARD = gnu11;
				GCC_NO_COMMON_BLOCKS = YES;
				GCC_WARN_64_TO_32_BIT_CONVERSION = YES;
				GCC_WARN_ABOUT_RETURN_TYPE = YES_ERROR;
				GCC_WARN_UNDECLARED_SELECTOR = YES;
				GCC_WARN_UNINITIALIZED_AUTOS = YES_AGGRESSIVE;
				GCC_WARN_UNUSED_FUNCTION = YES;
				GCC_WARN_UNUSED_VARIABLE = YES;
				IPHONEOS_DEPLOYMENT_TARGET = 13.0;
				MTL_ENABLE_DEBUG_INFO = NO;
				MTL_FAST_MATH = YES;
				SDKROOT = iphoneos;
				SWIFT_COMPILATION_MODE = wholemodule;
				SWIFT_OPTIMIZATION_LEVEL = "-O";
				VALIDATE_PRODUCT = YES;
			};
			name = Release;
		};
		6391A6C7240AB45B00BDE741 /* Debug */ = {
			isa = XCBuildConfiguration;
			buildSettings = {
				ASSETCATALOG_COMPILER_APPICON_NAME = AppIcon;
				CODE_SIGN_STYLE = Automatic;
				DEVELOPMENT_TEAM = 27C4GFY9UN;
				INFOPLIST_FILE = Jet2/Info.plist;
				IPHONEOS_DEPLOYMENT_TARGET = 11.0;
				LD_RUNPATH_SEARCH_PATHS = (
					"$(inherited)",
					"@executable_path/Frameworks",
				);
				PRODUCT_BUNDLE_IDENTIFIER = com.nik.Jet2;
				PRODUCT_NAME = "$(TARGET_NAME)";
				SWIFT_VERSION = 5.0;
				TARGETED_DEVICE_FAMILY = "1,2";
			};
			name = Debug;
		};
		6391A6C8240AB45B00BDE741 /* Release */ = {
			isa = XCBuildConfiguration;
			buildSettings = {
				ASSETCATALOG_COMPILER_APPICON_NAME = AppIcon;
				CODE_SIGN_STYLE = Automatic;
				DEVELOPMENT_TEAM = 27C4GFY9UN;
				INFOPLIST_FILE = Jet2/Info.plist;
				IPHONEOS_DEPLOYMENT_TARGET = 11.0;
				LD_RUNPATH_SEARCH_PATHS = (
					"$(inherited)",
					"@executable_path/Frameworks",
				);
				PRODUCT_BUNDLE_IDENTIFIER = com.nik.Jet2;
				PRODUCT_NAME = "$(TARGET_NAME)";
				SWIFT_VERSION = 5.0;
				TARGETED_DEVICE_FAMILY = "1,2";
			};
			name = Release;
		};
		6391A6CA240AB45B00BDE741 /* Debug */ = {
			isa = XCBuildConfiguration;
			buildSettings = {
				ALWAYS_EMBED_SWIFT_STANDARD_LIBRARIES = YES;
				BUNDLE_LOADER = "$(TEST_HOST)";
				CODE_SIGN_STYLE = Automatic;
				DEVELOPMENT_TEAM = 27C4GFY9UN;
				INFOPLIST_FILE = Jet2Tests/Info.plist;
				IPHONEOS_DEPLOYMENT_TARGET = 11.0;
				LD_RUNPATH_SEARCH_PATHS = (
					"$(inherited)",
					"@executable_path/Frameworks",
					"@loader_path/Frameworks",
				);
				PRODUCT_BUNDLE_IDENTIFIER = com.nik.Jet2Tests;
				PRODUCT_NAME = "$(TARGET_NAME)";
				SWIFT_VERSION = 5.0;
				TARGETED_DEVICE_FAMILY = "1,2";
				TEST_HOST = "$(BUILT_PRODUCTS_DIR)/Jet2.app/Jet2";
			};
			name = Debug;
		};
		6391A6CB240AB45B00BDE741 /* Release */ = {
			isa = XCBuildConfiguration;
			buildSettings = {
				ALWAYS_EMBED_SWIFT_STANDARD_LIBRARIES = YES;
				BUNDLE_LOADER = "$(TEST_HOST)";
				CODE_SIGN_STYLE = Automatic;
				DEVELOPMENT_TEAM = 27C4GFY9UN;
				INFOPLIST_FILE = Jet2Tests/Info.plist;
				IPHONEOS_DEPLOYMENT_TARGET = 11.0;
				LD_RUNPATH_SEARCH_PATHS = (
					"$(inherited)",
					"@executable_path/Frameworks",
					"@loader_path/Frameworks",
				);
				PRODUCT_BUNDLE_IDENTIFIER = com.nik.Jet2Tests;
				PRODUCT_NAME = "$(TARGET_NAME)";
				SWIFT_VERSION = 5.0;
				TARGETED_DEVICE_FAMILY = "1,2";
				TEST_HOST = "$(BUILT_PRODUCTS_DIR)/Jet2.app/Jet2";
			};
			name = Release;
		};
		6391A6CD240AB45B00BDE741 /* Debug */ = {
			isa = XCBuildConfiguration;
			buildSettings = {
				ALWAYS_EMBED_SWIFT_STANDARD_LIBRARIES = YES;
				CODE_SIGN_STYLE = Automatic;
				DEVELOPMENT_TEAM = 27C4GFY9UN;
				INFOPLIST_FILE = Jet2UITests/Info.plist;
				IPHONEOS_DEPLOYMENT_TARGET = 11.0;
				LD_RUNPATH_SEARCH_PATHS = (
					"$(inherited)",
					"@executable_path/Frameworks",
					"@loader_path/Frameworks",
				);
				PRODUCT_BUNDLE_IDENTIFIER = com.nik.Jet2UITests;
				PRODUCT_NAME = "$(TARGET_NAME)";
				SWIFT_VERSION = 5.0;
				TARGETED_DEVICE_FAMILY = "1,2";
				TEST_TARGET_NAME = Jet2;
			};
			name = Debug;
		};
		6391A6CE240AB45B00BDE741 /* Release */ = {
			isa = XCBuildConfiguration;
			buildSettings = {
				ALWAYS_EMBED_SWIFT_STANDARD_LIBRARIES = YES;
				CODE_SIGN_STYLE = Automatic;
				DEVELOPMENT_TEAM = 27C4GFY9UN;
				INFOPLIST_FILE = Jet2UITests/Info.plist;
				IPHONEOS_DEPLOYMENT_TARGET = 11.0;
				LD_RUNPATH_SEARCH_PATHS = (
					"$(inherited)",
					"@executable_path/Frameworks",
					"@loader_path/Frameworks",
				);
				PRODUCT_BUNDLE_IDENTIFIER = com.nik.Jet2UITests;
				PRODUCT_NAME = "$(TARGET_NAME)";
				SWIFT_VERSION = 5.0;
				TARGETED_DEVICE_FAMILY = "1,2";
				TEST_TARGET_NAME = Jet2;
			};
			name = Release;
		};
/* End XCBuildConfiguration section */

/* Begin XCConfigurationList section */
		6391A694240AB45800BDE741 /* Build configuration list for PBXProject "Jet2" */ = {
			isa = XCConfigurationList;
			buildConfigurations = (
				6391A6C4240AB45B00BDE741 /* Debug */,
				6391A6C5240AB45B00BDE741 /* Release */,
			);
			defaultConfigurationIsVisible = 0;
			defaultConfigurationName = Release;
		};
		6391A6C6240AB45B00BDE741 /* Build configuration list for PBXNativeTarget "Jet2" */ = {
			isa = XCConfigurationList;
			buildConfigurations = (
				6391A6C7240AB45B00BDE741 /* Debug */,
				6391A6C8240AB45B00BDE741 /* Release */,
			);
			defaultConfigurationIsVisible = 0;
			defaultConfigurationName = Release;
		};
		6391A6C9240AB45B00BDE741 /* Build configuration list for PBXNativeTarget "Jet2Tests" */ = {
			isa = XCConfigurationList;
			buildConfigurations = (
				6391A6CA240AB45B00BDE741 /* Debug */,
				6391A6CB240AB45B00BDE741 /* Release */,
			);
			defaultConfigurationIsVisible = 0;
			defaultConfigurationName = Release;
		};
		6391A6CC240AB45B00BDE741 /* Build configuration list for PBXNativeTarget "Jet2UITests" */ = {
			isa = XCConfigurationList;
			buildConfigurations = (
				6391A6CD240AB45B00BDE741 /* Debug */,
				6391A6CE240AB45B00BDE741 /* Release */,
			);
			defaultConfigurationIsVisible = 0;
			defaultConfigurationName = Release;
		};
/* End XCConfigurationList section */

/* Begin XCVersionGroup section */
		6391A6A5240AB45800BDE741 /* Jet2.xcdatamodeld */ = {
			isa = XCVersionGroup;
			children = (
				6391A6A6240AB45800BDE741 /* Jet2.xcdatamodel */,
			);
			currentVersion = 6391A6A6240AB45800BDE741 /* Jet2.xcdatamodel */;
			path = Jet2.xcdatamodeld;
			sourceTree = "<group>";
			versionGroupType = wrapper.xcdatamodel;
		};
/* End XCVersionGroup section */
	};
	rootObject = 6391A691240AB45800BDE741 /* Project object */;
}
